
Microsoft Visual Studio Solution File, Format Version 12.00
# Visual Studio Version 16
VisualStudioVersion = 16.0.29009.5
MinimumVisualStudioVersion = 10.0.40219.1
Project("{FAE04EC0-301F-11D3-BF4B-00C04F79EFBC}") = "Cloud_homework4", "Cloud_homework4\Cloud_homework4.csproj", "{FDC078AF-C9C2-4126-9D10-41E82A06F6FE}"
EndProject
Global
	GlobalSection(SolutionConfigurationPlatforms) = preSolution
		Debug|Any CPU = Debug|Any CPU
		Release|Any CPU = Release|Any CPU
	EndGlobalSection
	GlobalSection(ProjectConfigurationPlatforms) = postSolution
		{FDC078AF-C9C2-4126-9D10-41E82A06F6FE}.Debug|Any CPU.ActiveCfg = Debug|Any CPU
		{FDC078AF-C9C2-4126-9D10-41E82A06F6FE}.Debug|Any CPU.Build.0 = Debug|Any CPU
		{FDC078AF-C9C2-4126-9D10-41E82A06F6FE}.Release|Any CPU.ActiveCfg = Release|Any CPU
		{FDC078AF-C9C2-4126-9D10-41E82A06F6FE}.Release|Any CPU.Build.0 = Release|Any CPU
	EndGlobalSection
	GlobalSection(SolutionProperties) = preSolution
		HideSolutionNode = FALSE
	EndGlobalSection
	GlobalSection(ExtensibilityGlobals) = postSolution
		SolutionGuid = {0FA94B07-0FDB-42D7-BF21-DE0818D3B341}
	EndGlobalSection
EndGlobal
